{
    "_readme": [
        "This file locks the dependencies of your project to a known state",
        "Read more about it at https://getcomposer.org/doc/01-basic-usage.md#installing-dependencies",
        "This file is @generated automatically"
    ],
    "content-hash": "ef2fa6585804d00be34dbc81f11fbd53",
    "packages": [
        {
            "name": "guzzlehttp/guzzle",
            "version": "5.3.4",
            "source": {
                "type": "git",
                "url": "https://github.com/guzzle/guzzle.git",
                "reference": "b87eda7a7162f95574032da17e9323c9899cb6b2"
            },
            "dist": {
                "type": "zip",
                "url": "https://api.github.com/repos/guzzle/guzzle/zipball/b87eda7a7162f95574032da17e9323c9899cb6b2",
                "reference": "b87eda7a7162f95574032da17e9323c9899cb6b2",
                "shasum": ""
            },
            "require": {
                "guzzlehttp/ringphp": "^1.1",
                "php": ">=5.4.0",
                "react/promise": "^2.2"
            },
            "require-dev": {
                "ext-curl": "*",
                "phpunit/phpunit": "^4.0"
            },
            "type": "library",
            "autoload": {
                "psr-4": {
                    "GuzzleHttp\\": "src/"
                }
            },
            "notification-url": "https://packagist.org/downloads/",
            "license": [
                "MIT"
            ],
            "authors": [
                {
                    "name": "Michael Dowling",
                    "email": "mtdowling@gmail.com",
                    "homepage": "https://github.com/mtdowling"
                }
            ],
            "description": "Guzzle is a PHP HTTP client library and framework for building RESTful web service clients",
            "homepage": "http://guzzlephp.org/",
            "keywords": [
                "client",
                "curl",
                "framework",
                "http",
                "http client",
                "rest",
                "web service"
            ],
            "support": {
                "issues": "https://github.com/guzzle/guzzle/issues",
                "source": "https://github.com/guzzle/guzzle/tree/5.3"
            },
            "time": "2019-10-30T09:32:00+00:00"
        },
        {
            "name": "guzzlehttp/ringphp",
            "version": "1.1.1",
            "source": {
                "type": "git",
                "url": "https://github.com/guzzle/RingPHP.git",
                "reference": "5e2a174052995663dd68e6b5ad838afd47dd615b"
            },
            "dist": {
                "type": "zip",
                "url": "https://api.github.com/repos/guzzle/RingPHP/zipball/5e2a174052995663dd68e6b5ad838afd47dd615b",
                "reference": "5e2a174052995663dd68e6b5ad838afd47dd615b",
                "shasum": ""
            },
            "require": {
                "guzzlehttp/streams": "~3.0",
                "php": ">=5.4.0",
                "react/promise": "~2.0"
            },
            "require-dev": {
                "ext-curl": "*",
                "phpunit/phpunit": "~4.0"
            },
            "suggest": {
                "ext-curl": "Guzzle will use specific adapters if cURL is present"
            },
            "type": "library",
            "extra": {
                "branch-alias": {
                    "dev-master": "1.1-dev"
                }
            },
            "autoload": {
                "psr-4": {
                    "GuzzleHttp\\Ring\\": "src/"
                }
            },
            "notification-url": "https://packagist.org/downloads/",
            "license": [
                "MIT"
            ],
            "authors": [
                {
                    "name": "Michael Dowling",
                    "email": "mtdowling@gmail.com",
                    "homepage": "https://github.com/mtdowling"
                }
            ],
            "description": "Provides a simple API and specification that abstracts away the details of HTTP into a single PHP function.",
            "support": {
                "issues": "https://github.com/guzzle/RingPHP/issues",
                "source": "https://github.com/guzzle/RingPHP/tree/1.1.1"
            },
            "abandoned": true,
            "time": "2018-07-31T13:22:33+00:00"
        },
        {
            "name": "guzzlehttp/streams",
            "version": "3.0.0",
            "source": {
                "type": "git",
                "url": "https://github.com/guzzle/streams.git",
                "reference": "47aaa48e27dae43d39fc1cea0ccf0d84ac1a2ba5"
            },
            "dist": {
                "type": "zip",
                "url": "https://api.github.com/repos/guzzle/streams/zipball/47aaa48e27dae43d39fc1cea0ccf0d84ac1a2ba5",
                "reference": "47aaa48e27dae43d39fc1cea0ccf0d84ac1a2ba5",
                "shasum": ""
            },
            "require": {
                "php": ">=5.4.0"
            },
            "require-dev": {
                "phpunit/phpunit": "~4.0"
            },
            "type": "library",
            "extra": {
                "branch-alias": {
                    "dev-master": "3.0-dev"
                }
            },
            "autoload": {
                "psr-4": {
                    "GuzzleHttp\\Stream\\": "src/"
                }
            },
            "notification-url": "https://packagist.org/downloads/",
            "license": [
                "MIT"
            ],
            "authors": [
                {
                    "name": "Michael Dowling",
                    "email": "mtdowling@gmail.com",
                    "homepage": "https://github.com/mtdowling"
                }
            ],
            "description": "Provides a simple abstraction over streams of data",
            "homepage": "http://guzzlephp.org/",
            "keywords": [
                "Guzzle",
                "stream"
            ],
            "support": {
                "issues": "https://github.com/guzzle/streams/issues",
                "source": "https://github.com/guzzle/streams/tree/master"
            },
            "abandoned": true,
            "time": "2014-10-12T19:18:40+00:00"
        },
        {
            "name": "jackocnr/intl-tel-input",
            "version": "17.0.19",
            "source": {
                "type": "git",
                "url": "https://github.com/jackocnr/intl-tel-input.git",
                "reference": "a21a1aee03bfd6b82a028704490547ff77d8bf98"
            },
            "dist": {
                "type": "zip",
                "url": "https://api.github.com/repos/jackocnr/intl-tel-input/zipball/a21a1aee03bfd6b82a028704490547ff77d8bf98",
                "reference": "a21a1aee03bfd6b82a028704490547ff77d8bf98",
                "shasum": ""
            },
            "type": "library",
            "notification-url": "https://packagist.org/downloads/",
            "license": [
                "MIT"
            ],
            "authors": [
                {
                    "name": "Jack O'Connor",
                    "homepage": "http://jackocnr.com"
                }
            ],
            "description": "A JavaScript plugin for entering and validating international telephone numbers",
            "homepage": "https://github.com/jackocnr/intl-tel-input",
            "keywords": [
                "code",
                "country",
                "dial",
                "flag",
                "i18n",
                "input",
                "international",
                "mobile",
                "number",
                "tel",
                "telephone"
            ],
            "support": {
                "issues": "https://github.com/jackocnr/intl-tel-input/issues",
                "source": "https://github.com/jackocnr/intl-tel-input/tree/v17.0.19"
            },
            "funding": [
                {
                    "url": "https://github.com/jackocnr",
                    "type": "github"
                }
            ],
            "time": "2022-09-13T14:01:20+00:00"
        },
        {
            "name": "ovh/ovh",
            "version": "v1.1.2",
            "source": {
                "type": "git",
                "url": "https://github.com/ovh/php-ovh.git",
                "reference": "efd770390a3fe9b91c31c9f3a205f4023f75d161"
            },
            "dist": {
                "type": "zip",
                "url": "https://api.github.com/repos/ovh/php-ovh/zipball/efd770390a3fe9b91c31c9f3a205f4023f75d161",
                "reference": "efd770390a3fe9b91c31c9f3a205f4023f75d161",
                "shasum": ""
            },
            "require": {
                "guzzlehttp/guzzle": ">=4.0,<6.0"
            },
            "require-dev": {
                "phpdocumentor/phpdocumentor": "2.*",
                "phpunit/phpunit": "4.*",
                "squizlabs/php_codesniffer": "1.*"
            },
            "type": "library",
            "autoload": {
                "psr-4": {
                    "Ovh\\": "src/"
                }
            },
            "notification-url": "https://packagist.org/downloads/",
            "license": [
                "BSD-3-Clause"
            ],
            "authors": [
                {
                    "name": "Vincent Cassé"
                }
            ],
            "description": "Wrapper for OVH APIs",
            "support": {
                "issues": "https://github.com/ovh/php-ovh/issues",
                "source": "https://github.com/ovh/php-ovh/tree/master"
            },
            "time": "2015-12-16T10:34:19+00:00"
        },
        {
            "name": "ovh/php-ovh-sms",
            "version": "1.0",
            "source": {
                "type": "git",
                "url": "https://github.com/ovh/php-ovh-sms.git",
                "reference": "96fb25947d30b6dac58c87638e09799870a4841c"
            },
            "dist": {
                "type": "zip",
                "url": "https://api.github.com/repos/ovh/php-ovh-sms/zipball/96fb25947d30b6dac58c87638e09799870a4841c",
                "reference": "96fb25947d30b6dac58c87638e09799870a4841c",
                "shasum": ""
            },
            "require": {
                "ovh/ovh": "~1.1.1"
            },
            "require-dev": {
                "phpdocumentor/phpdocumentor": "2.*",
                "phpunit/phpunit": "4.*",
                "squizlabs/php_codesniffer": "1.*"
            },
            "type": "library",
            "autoload": {
                "psr-0": {
                    "Ovh\\Sms\\": "src/"
                },
                "psr-4": {
                    "Ovh\\Sms\\": "src/"
                }
            },
            "notification-url": "https://packagist.org/downloads/",
            "license": [
                "BSD-3-Clause"
            ],
            "description": "SDK for OVH SMS APIs",
            "support": {
                "issues": "https://github.com/ovh/php-ovh-sms/issues",
                "source": "https://github.com/ovh/php-ovh-sms/tree/master"
            },
            "time": "2016-07-13T14:41:35+00:00"
        },
        {
            "name": "phpmailer/phpmailer",
            "version": "v6.7.1",
            "source": {
                "type": "git",
                "url": "https://github.com/PHPMailer/PHPMailer.git",
                "reference": "49cd7ea3d2563f028d7811f06864a53b1f15ff55"
            },
            "dist": {
                "type": "zip",
                "url": "https://api.github.com/repos/PHPMailer/PHPMailer/zipball/49cd7ea3d2563f028d7811f06864a53b1f15ff55",
                "reference": "49cd7ea3d2563f028d7811f06864a53b1f15ff55",
                "shasum": ""
            },
            "require": {
                "ext-ctype": "*",
                "ext-filter": "*",
                "ext-hash": "*",
                "php": ">=5.5.0"
            },
            "require-dev": {
                "dealerdirect/phpcodesniffer-composer-installer": "^0.7.2",
                "doctrine/annotations": "^1.2.6 || ^1.13.3",
                "php-parallel-lint/php-console-highlighter": "^1.0.0",
                "php-parallel-lint/php-parallel-lint": "^1.3.2",
                "phpcompatibility/php-compatibility": "^9.3.5",
                "roave/security-advisories": "dev-latest",
                "squizlabs/php_codesniffer": "^3.7.1",
                "yoast/phpunit-polyfills": "^1.0.4"
            },
            "suggest": {
                "ext-mbstring": "Needed to send email in multibyte encoding charset or decode encoded addresses",
                "ext-openssl": "Needed for secure SMTP sending and DKIM signing",
                "greew/oauth2-azure-provider": "Needed for Microsoft Azure XOAUTH2 authentication",
                "hayageek/oauth2-yahoo": "Needed for Yahoo XOAUTH2 authentication",
                "league/oauth2-google": "Needed for Google XOAUTH2 authentication",
                "psr/log": "For optional PSR-3 debug logging",
                "symfony/polyfill-mbstring": "To support UTF-8 if the Mbstring PHP extension is not enabled (^1.2)",
                "thenetworg/oauth2-azure": "Needed for Microsoft XOAUTH2 authentication"
            },
            "type": "library",
            "autoload": {
                "psr-4": {
                    "PHPMailer\\PHPMailer\\": "src/"
                }
            },
            "notification-url": "https://packagist.org/downloads/",
            "license": [
                "LGPL-2.1-only"
            ],
            "authors": [
                {
                    "name": "Marcus Bointon",
                    "email": "phpmailer@synchromedia.co.uk"
                },
                {
                    "name": "Jim Jagielski",
                    "email": "jimjag@gmail.com"
                },
                {
                    "name": "Andy Prevost",
                    "email": "codeworxtech@users.sourceforge.net"
                },
                {
                    "name": "Brent R. Matzelle"
                }
            ],
            "description": "PHPMailer is a full-featured email creation and transfer class for PHP",
            "support": {
                "issues": "https://github.com/PHPMailer/PHPMailer/issues",
                "source": "https://github.com/PHPMailer/PHPMailer/tree/v6.7.1"
            },
            "funding": [
                {
                    "url": "https://github.com/Synchro",
                    "type": "github"
                }
            ],
            "time": "2022-12-08T13:30:06+00:00"
        },
        {
            "name": "react/promise",
            "version": "v2.9.0",
            "source": {
                "type": "git",
                "url": "https://github.com/reactphp/promise.git",
                "reference": "234f8fd1023c9158e2314fa9d7d0e6a83db42910"
            },
            "dist": {
                "type": "zip",
                "url": "https://api.github.com/repos/reactphp/promise/zipball/234f8fd1023c9158e2314fa9d7d0e6a83db42910",
                "reference": "234f8fd1023c9158e2314fa9d7d0e6a83db42910",
                "shasum": ""
            },
            "require": {
                "php": ">=5.4.0"
            },
            "require-dev": {
                "phpunit/phpunit": "^9.3 || ^5.7 || ^4.8.36"
            },
            "type": "library",
            "autoload": {
                "files": [
                    "src/functions_include.php"
                ],
                "psr-4": {
                    "React\\Promise\\": "src/"
                }
            },
            "notification-url": "https://packagist.org/downloads/",
            "license": [
                "MIT"
            ],
            "authors": [
                {
                    "name": "Jan Sorgalla",
                    "email": "jsorgalla@gmail.com",
                    "homepage": "https://sorgalla.com/"
                },
                {
                    "name": "Christian Lück",
                    "email": "christian@clue.engineering",
                    "homepage": "https://clue.engineering/"
                },
                {
                    "name": "Cees-Jan Kiewiet",
                    "email": "reactphp@ceesjankiewiet.nl",
                    "homepage": "https://wyrihaximus.net/"
                },
                {
                    "name": "Chris Boden",
                    "email": "cboden@gmail.com",
                    "homepage": "https://cboden.dev/"
                }
            ],
            "description": "A lightweight implementation of CommonJS Promises/A for PHP",
            "keywords": [
                "promise",
                "promises"
            ],
            "support": {
                "issues": "https://github.com/reactphp/promise/issues",
                "source": "https://github.com/reactphp/promise/tree/v2.9.0"
            },
            "funding": [
                {
                    "url": "https://github.com/WyriHaximus",
                    "type": "github"
                },
                {
                    "url": "https://github.com/clue",
                    "type": "github"
                }
            ],
            "time": "2022-02-11T10:27:51+00:00"
        },
        {
            "name": "symfony/polyfill-ctype",
            "version": "v1.27.0",
            "source": {
                "type": "git",
                "url": "https://github.com/symfony/polyfill-ctype.git",
                "reference": "5bbc823adecdae860bb64756d639ecfec17b050a"
            },
            "dist": {
                "type": "zip",
                "url": "https://api.github.com/repos/symfony/polyfill-ctype/zipball/5bbc823adecdae860bb64756d639ecfec17b050a",
                "reference": "5bbc823adecdae860bb64756d639ecfec17b050a",
                "shasum": ""
            },
            "require": {
                "php": ">=7.1"
            },
            "provide": {
                "ext-ctype": "*"
            },
            "suggest": {
                "ext-ctype": "For best performance"
            },
            "type": "library",
            "extra": {
                "branch-alias": {
                    "dev-main": "1.27-dev"
                },
                "thanks": {
                    "name": "symfony/polyfill",
                    "url": "https://github.com/symfony/polyfill"
                }
            },
            "autoload": {
                "files": [
                    "bootstrap.php"
                ],
                "psr-4": {
                    "Symfony\\Polyfill\\Ctype\\": ""
                }
            },
            "notification-url": "https://packagist.org/downloads/",
            "license": [
                "MIT"
            ],
            "authors": [
                {
                    "name": "Gert de Pagter",
                    "email": "BackEndTea@gmail.com"
                },
                {
                    "name": "Symfony Community",
                    "homepage": "https://symfony.com/contributors"
                }
            ],
            "description": "Symfony polyfill for ctype functions",
            "homepage": "https://symfony.com",
            "keywords": [
                "compatibility",
                "ctype",
                "polyfill",
                "portable"
            ],
            "support": {
                "source": "https://github.com/symfony/polyfill-ctype/tree/v1.27.0"
            },
            "funding": [
                {
                    "url": "https://symfony.com/sponsor",
                    "type": "custom"
                },
                {
                    "url": "https://github.com/fabpot",
                    "type": "github"
                },
                {
                    "url": "https://tidelift.com/funding/github/packagist/symfony/symfony",
                    "type": "tidelift"
                }
            ],
            "time": "2022-11-03T14:55:06+00:00"
        },
        {
            "name": "symfony/polyfill-mbstring",
            "version": "v1.27.0",
            "source": {
                "type": "git",
                "url": "https://github.com/symfony/polyfill-mbstring.git",
                "reference": "8ad114f6b39e2c98a8b0e3bd907732c207c2b534"
            },
            "dist": {
                "type": "zip",
                "url": "https://api.github.com/repos/symfony/polyfill-mbstring/zipball/8ad114f6b39e2c98a8b0e3bd907732c207c2b534",
                "reference": "8ad114f6b39e2c98a8b0e3bd907732c207c2b534",
                "shasum": ""
            },
            "require": {
                "php": ">=7.1"
            },
            "provide": {
                "ext-mbstring": "*"
            },
            "suggest": {
                "ext-mbstring": "For best performance"
            },
            "type": "library",
            "extra": {
                "branch-alias": {
                    "dev-main": "1.27-dev"
                },
                "thanks": {
                    "name": "symfony/polyfill",
                    "url": "https://github.com/symfony/polyfill"
                }
            },
            "autoload": {
                "files": [
                    "bootstrap.php"
                ],
                "psr-4": {
                    "Symfony\\Polyfill\\Mbstring\\": ""
                }
            },
            "notification-url": "https://packagist.org/downloads/",
            "license": [
                "MIT"
            ],
            "authors": [
                {
                    "name": "Nicolas Grekas",
                    "email": "p@tchwork.com"
                },
                {
                    "name": "Symfony Community",
                    "homepage": "https://symfony.com/contributors"
                }
            ],
            "description": "Symfony polyfill for the Mbstring extension",
            "homepage": "https://symfony.com",
            "keywords": [
                "compatibility",
                "mbstring",
                "polyfill",
                "portable",
                "shim"
            ],
            "support": {
                "source": "https://github.com/symfony/polyfill-mbstring/tree/v1.27.0"
            },
            "funding": [
                {
                    "url": "https://symfony.com/sponsor",
                    "type": "custom"
                },
                {
                    "url": "https://github.com/fabpot",
                    "type": "github"
                },
                {
                    "url": "https://tidelift.com/funding/github/packagist/symfony/symfony",
                    "type": "tidelift"
                }
            ],
            "time": "2022-11-03T14:55:06+00:00"
        },
        {
            "name": "tecnickcom/tcpdf",
            "version": "6.6.2",
            "source": {
                "type": "git",
                "url": "https://github.com/tecnickcom/TCPDF.git",
                "reference": "e3cffc9bcbc76e89e167e9eb0bbda0cab7518459"
            },
            "dist": {
                "type": "zip",
                "url": "https://api.github.com/repos/tecnickcom/TCPDF/zipball/e3cffc9bcbc76e89e167e9eb0bbda0cab7518459",
                "reference": "e3cffc9bcbc76e89e167e9eb0bbda0cab7518459",
                "shasum": ""
            },
            "require": {
                "php": ">=5.3.0"
            },
            "type": "library",
            "autoload": {
                "classmap": [
                    "config",
                    "include",
                    "tcpdf.php",
                    "tcpdf_parser.php",
                    "tcpdf_import.php",
                    "tcpdf_barcodes_1d.php",
                    "tcpdf_barcodes_2d.php",
                    "include/tcpdf_colors.php",
                    "include/tcpdf_filters.php",
                    "include/tcpdf_font_data.php",
                    "include/tcpdf_fonts.php",
                    "include/tcpdf_images.php",
                    "include/tcpdf_static.php",
                    "include/barcodes/datamatrix.php",
                    "include/barcodes/pdf417.php",
                    "include/barcodes/qrcode.php"
                ]
            },
            "notification-url": "https://packagist.org/downloads/",
            "license": [
                "LGPL-3.0-only"
            ],
            "authors": [
                {
                    "name": "Nicola Asuni",
                    "email": "info@tecnick.com",
                    "role": "lead"
                }
            ],
            "description": "TCPDF is a PHP class for generating PDF documents and barcodes.",
            "homepage": "http://www.tcpdf.org/",
            "keywords": [
                "PDFD32000-2008",
                "TCPDF",
                "barcodes",
                "datamatrix",
                "pdf",
                "pdf417",
                "qrcode"
            ],
            "support": {
                "issues": "https://github.com/tecnickcom/TCPDF/issues",
                "source": "https://github.com/tecnickcom/TCPDF/tree/6.6.2"
            },
            "funding": [
                {
                    "url": "https://www.paypal.com/cgi-bin/webscr?cmd=_donations&currency_code=GBP&business=paypal@tecnick.com&item_name=donation%20for%20tcpdf%20project",
                    "type": "custom"
                }
            ],
            "time": "2022-12-17T10:28:59+00:00"
        },
        {
            "name": "twig/twig",
            "version": "v3.0.0",
            "source": {
                "type": "git",
                "url": "https://github.com/twigphp/Twig.git",
                "reference": "9b58bb8ac7a41d72fbb5a7dc643e07923e5ccc26"
            },
            "dist": {
                "type": "zip",
                "url": "https://api.github.com/repos/twigphp/Twig/zipball/9b58bb8ac7a41d72fbb5a7dc643e07923e5ccc26",
                "reference": "9b58bb8ac7a41d72fbb5a7dc643e07923e5ccc26",
                "shasum": ""
            },
            "require": {
                "php": "^7.2.9",
                "symfony/polyfill-ctype": "^1.8",
                "symfony/polyfill-mbstring": "^1.3"
            },
            "require-dev": {
                "psr/container": "^1.0",
                "symfony/debug": "^3.4|^4.2|^5.0",
                "symfony/phpunit-bridge": "^4.4@dev|^5.0"
            },
            "type": "library",
            "extra": {
                "branch-alias": {
                    "dev-master": "3.0-dev"
                }
            },
            "autoload": {
                "psr-4": {
                    "Twig\\": "src/"
                }
            },
            "notification-url": "https://packagist.org/downloads/",
            "license": [
                "BSD-3-Clause"
            ],
            "authors": [
                {
                    "name": "Fabien Potencier",
                    "email": "fabien@symfony.com",
                    "homepage": "http://fabien.potencier.org",
                    "role": "Lead Developer"
                },
                {
                    "name": "Twig Team",
                    "homepage": "https://twig.symfony.com/contributors",
                    "role": "Contributors"
                },
                {
                    "name": "Armin Ronacher",
                    "email": "armin.ronacher@active-4.com",
                    "role": "Project Founder"
                }
            ],
            "description": "Twig, the flexible, fast, and secure template language for PHP",
            "homepage": "https://twig.symfony.com",
            "keywords": [
                "templating"
            ],
            "support": {
                "issues": "https://github.com/twigphp/Twig/issues",
                "source": "https://github.com/twigphp/Twig/tree/v3.0.0"
            },
            "time": "2019-11-15T20:38:32+00:00"
        }
    ],
    "packages-dev": [],
    "aliases": [],
    "minimum-stability": "stable",
    "stability-flags": [],
    "prefer-stable": false,
    "prefer-lowest": false,
    "platform": {
        "ext-json": "*",
        "ext-mysqli": "*",
        "ext-openssl": "*",
        "ext-mbstring": "*",
        "ext-intl": "*"
    },
    "platform-dev": [],
    "plugin-api-version": "2.3.0"
}
